
Microsoft Visual Studio Solution File, Format Version 12.00
# Visual Studio 15
VisualStudioVersion = 15.0.28010.2050
MinimumVisualStudioVersion = 10.0.40219.1
Project("{FAE04EC0-301F-11D3-BF4B-00C04F79EFBC}") = "AdventureWorks.API", "src\AdventureWorks.API\AdventureWorks.API.csproj", "{FF183DFA-B2E5-4B04-A8D9-01EA1FFC07F9}"
EndProject
Project("{FAE04EC0-301F-11D3-BF4B-00C04F79EFBC}") = "AdventureWorks.Domain", "src\AdventureWorks.Domain\AdventureWorks.Domain.csproj", "{4F05FD49-0C25-48C4-80F5-6141F67CC503}"
EndProject
Project("{FAE04EC0-301F-11D3-BF4B-00C04F79EFBC}") = "AdventureWorks.Infra", "src\AdventureWorks.Infra\AdventureWorks.Infra.csproj", "{5DA2E155-EE53-4DB7-AB77-397EB0F89ABD}"
EndProject
Project("{FAE04EC0-301F-11D3-BF4B-00C04F79EFBC}") = "AdventureWorks.Shared", "src\AdventureWorks.Shared\AdventureWorks.Shared.csproj", "{7C995F55-DBA0-49BC-8906-C689B6807C3A}"
EndProject
Project("{FAE04EC0-301F-11D3-BF4B-00C04F79EFBC}") = "AdventureWorks.Tests", "src\AdventureWorks.Tests\AdventureWorks.Tests.csproj", "{6835E15F-611B-4387-8B62-650F4E679322}"
EndProject
Global
	GlobalSection(SolutionConfigurationPlatforms) = preSolution
		Debug|Any CPU = Debug|Any CPU
		Release|Any CPU = Release|Any CPU
	EndGlobalSection
	GlobalSection(ProjectConfigurationPlatforms) = postSolution
		{FF183DFA-B2E5-4B04-A8D9-01EA1FFC07F9}.Debug|Any CPU.ActiveCfg = Debug|Any CPU
		{FF183DFA-B2E5-4B04-A8D9-01EA1FFC07F9}.Debug|Any CPU.Build.0 = Debug|Any CPU
		{FF183DFA-B2E5-4B04-A8D9-01EA1FFC07F9}.Release|Any CPU.ActiveCfg = Release|Any CPU
		{FF183DFA-B2E5-4B04-A8D9-01EA1FFC07F9}.Release|Any CPU.Build.0 = Release|Any CPU
		{4F05FD49-0C25-48C4-80F5-6141F67CC503}.Debug|Any CPU.ActiveCfg = Debug|Any CPU
		{4F05FD49-0C25-48C4-80F5-6141F67CC503}.Debug|Any CPU.Build.0 = Debug|Any CPU
		{4F05FD49-0C25-48C4-80F5-6141F67CC503}.Release|Any CPU.ActiveCfg = Release|Any CPU
		{4F05FD49-0C25-48C4-80F5-6141F67CC503}.Release|Any CPU.Build.0 = Release|Any CPU
		{5DA2E155-EE53-4DB7-AB77-397EB0F89ABD}.Debug|Any CPU.ActiveCfg = Debug|Any CPU
		{5DA2E155-EE53-4DB7-AB77-397EB0F89ABD}.Debug|Any CPU.Build.0 = Debug|Any CPU
		{5DA2E155-EE53-4DB7-AB77-397EB0F89ABD}.Release|Any CPU.ActiveCfg = Release|Any CPU
		{5DA2E155-EE53-4DB7-AB77-397EB0F89ABD}.Release|Any CPU.Build.0 = Release|Any CPU
		{7C995F55-DBA0-49BC-8906-C689B6807C3A}.Debug|Any CPU.ActiveCfg = Debug|Any CPU
		{7C995F55-DBA0-49BC-8906-C689B6807C3A}.Debug|Any CPU.Build.0 = Debug|Any CPU
		{7C995F55-DBA0-49BC-8906-C689B6807C3A}.Release|Any CPU.ActiveCfg = Release|Any CPU
		{7C995F55-DBA0-49BC-8906-C689B6807C3A}.Release|Any CPU.Build.0 = Release|Any CPU
		{6835E15F-611B-4387-8B62-650F4E679322}.Debug|Any CPU.ActiveCfg = Debug|Any CPU
		{6835E15F-611B-4387-8B62-650F4E679322}.Debug|Any CPU.Build.0 = Debug|Any CPU
		{6835E15F-611B-4387-8B62-650F4E679322}.Release|Any CPU.ActiveCfg = Release|Any CPU
		{6835E15F-611B-4387-8B62-650F4E679322}.Release|Any CPU.Build.0 = Release|Any CPU
	EndGlobalSection
	GlobalSection(SolutionProperties) = preSolution
		HideSolutionNode = FALSE
	EndGlobalSection
	GlobalSection(ExtensibilityGlobals) = postSolution
		SolutionGuid = {CB0481D2-4B29-4CC6-9F63-49CAF393F68D}
	EndGlobalSection
EndGlobal
